// !$*UTF8*$!
{
	archiveVersion = 1;
	classes = {
	};
	objectVersion = 55;
	objects = {

/* Begin PBXBuildFile section */
		61165A4A27DAF6FC0015A758 /* AppDelegate.swift in Sources */ = {isa = PBXBuildFile; fileRef = 61165A4927DAF6FC0015A758 /* AppDelegate.swift */; };
		61165A4C27DAF6FC0015A758 /* SceneDelegate.swift in Sources */ = {isa = PBXBuildFile; fileRef = 61165A4B27DAF6FC0015A758 /* SceneDelegate.swift */; };
		61165A4E27DAF6FC0015A758 /* ViewController.swift in Sources */ = {isa = PBXBuildFile; fileRef = 61165A4D27DAF6FC0015A758 /* ViewController.swift */; };
		61165A5127DAF6FC0015A758 /* Main.storyboard in Resources */ = {isa = PBXBuildFile; fileRef = 61165A4F27DAF6FC0015A758 /* Main.storyboard */; };
		61165A5427DAF6FC0015A758 /* biotricity.xcdatamodeld in Sources */ = {isa = PBXBuildFile; fileRef = 61165A5227DAF6FC0015A758 /* biotricity.xcdatamodeld */; };
		61165A5627DAF7000015A758 /* Assets.xcassets in Resources */ = {isa = PBXBuildFile; fileRef = 61165A5527DAF7000015A758 /* Assets.xcassets */; };
		61165A5927DAF7000015A758 /* LaunchScreen.storyboard in Resources */ = {isa = PBXBuildFile; fileRef = 61165A5727DAF7000015A758 /* LaunchScreen.storyboard */; };
		61165A6427DAF7000015A758 /* biotricityTests.swift in Sources */ = {isa = PBXBuildFile; fileRef = 61165A6327DAF7000015A758 /* biotricityTests.swift */; };
		61165A6E27DAF7000015A758 /* biotricityUITests.swift in Sources */ = {isa = PBXBuildFile; fileRef = 61165A6D27DAF7000015A758 /* biotricityUITests.swift */; };
		61165A7027DAF7000015A758 /* biotricityUITestsLaunchTests.swift in Sources */ = {isa = PBXBuildFile; fileRef = 61165A6F27DAF7000015A758 /* biotricityUITestsLaunchTests.swift */; };
		61165A8127DB31090015A758 /* LoginViewController.swift in Sources */ = {isa = PBXBuildFile; fileRef = 61165A8027DB31090015A758 /* LoginViewController.swift */; };
		61165A8327DB31680015A758 /* DashBoardViewController.swift in Sources */ = {isa = PBXBuildFile; fileRef = 61165A8227DB31680015A758 /* DashBoardViewController.swift */; };
		61165A8527DB31730015A758 /* RegisterViewController.swift in Sources */ = {isa = PBXBuildFile; fileRef = 61165A8427DB31730015A758 /* RegisterViewController.swift */; };
		61165A8B27DB40DC0015A758 /* SimCardView.swift in Sources */ = {isa = PBXBuildFile; fileRef = 61165A8A27DB40DC0015A758 /* SimCardView.swift */; };
		61165A8D27DB423B0015A758 /* SimCardView.xib in Resources */ = {isa = PBXBuildFile; fileRef = 61165A8C27DB423B0015A758 /* SimCardView.xib */; };
		61165A9027DB46280015A758 /* CheckBoxView.swift in Sources */ = {isa = PBXBuildFile; fileRef = 61165A8F27DB46280015A758 /* CheckBoxView.swift */; };
		61165A9227DB46340015A758 /* CheckBoxView.xib in Resources */ = {isa = PBXBuildFile; fileRef = 61165A9127DB46340015A758 /* CheckBoxView.xib */; };
/* End PBXBuildFile section */

/* Begin PBXContainerItemProxy section */
		61165A6027DAF7000015A758 /* PBXContainerItemProxy */ = {
			isa = PBXContainerItemProxy;
			containerPortal = 61165A3E27DAF6FC0015A758 /* Project object */;
			proxyType = 1;
			remoteGlobalIDString = 61165A4527DAF6FC0015A758;
			remoteInfo = biotricity;
		};
		61165A6A27DAF7000015A758 /* PBXContainerItemProxy */ = {
			isa = PBXContainerItemProxy;
			containerPortal = 61165A3E27DAF6FC0015A758 /* Project object */;
			proxyType = 1;
			remoteGlobalIDString = 61165A4527DAF6FC0015A758;
			remoteInfo = biotricity;
		};
/* End PBXContainerItemProxy section */

/* Begin PBXFileReference section */
		61165A4627DAF6FC0015A758 /* biotricity.app */ = {isa = PBXFileReference; explicitFileType = wrapper.application; includeInIndex = 0; path = biotricity.app; sourceTree = BUILT_PRODUCTS_DIR; };
		61165A4927DAF6FC0015A758 /* AppDelegate.swift */ = {isa = PBXFileReference; lastKnownFileType = sourcecode.swift; path = AppDelegate.swift; sourceTree = "<group>"; };
		61165A4B27DAF6FC0015A758 /* SceneDelegate.swift */ = {isa = PBXFileReference; lastKnownFileType = sourcecode.swift; path = SceneDelegate.swift; sourceTree = "<group>"; };
		61165A4D27DAF6FC0015A758 /* ViewController.swift */ = {isa = PBXFileReference; lastKnownFileType = sourcecode.swift; path = ViewController.swift; sourceTree = "<group>"; };
		61165A5027DAF6FC0015A758 /* Base */ = {isa = PBXFileReference; lastKnownFileType = file.storyboard; name = Base; path = Base.lproj/Main.storyboard; sourceTree = "<group>"; };
		61165A5327DAF6FC0015A758 /* biotricity.xcdatamodel */ = {isa = PBXFileReference; lastKnownFileType = wrapper.xcdatamodel; path = biotricity.xcdatamodel; sourceTree = "<group>"; };
		61165A5527DAF7000015A758 /* Assets.xcassets */ = {isa = PBXFileReference; lastKnownFileType = folder.assetcatalog; path = Assets.xcassets; sourceTree = "<group>"; };
		61165A5827DAF7000015A758 /* Base */ = {isa = PBXFileReference; lastKnownFileType = file.storyboard; name = Base; path = Base.lproj/LaunchScreen.storyboard; sourceTree = "<group>"; };
		61165A5A27DAF7000015A758 /* Info.plist */ = {isa = PBXFileReference; lastKnownFileType = text.plist.xml; path = Info.plist; sourceTree = "<group>"; };
		61165A5F27DAF7000015A758 /* biotricityTests.xctest */ = {isa = PBXFileReference; explicitFileType = wrapper.cfbundle; includeInIndex = 0; path = biotricityTests.xctest; sourceTree = BUILT_PRODUCTS_DIR; };
		61165A6327DAF7000015A758 /* biotricityTests.swift */ = {isa = PBXFileReference; lastKnownFileType = sourcecode.swift; path = biotricityTests.swift; sourceTree = "<group>"; };
		61165A6927DAF7000015A758 /* biotricityUITests.xctest */ = {isa = PBXFileReference; explicitFileType = wrapper.cfbundle; includeInIndex = 0; path = biotricityUITests.xctest; sourceTree = BUILT_PRODUCTS_DIR; };
		61165A6D27DAF7000015A758 /* biotricityUITests.swift */ = {isa = PBXFileReference; lastKnownFileType = sourcecode.swift; path = biotricityUITests.swift; sourceTree = "<group>"; };
		61165A6F27DAF7000015A758 /* biotricityUITestsLaunchTests.swift */ = {isa = PBXFileReference; lastKnownFileType = sourcecode.swift; path = biotricityUITestsLaunchTests.swift; sourceTree = "<group>"; };
		61165A8027DB31090015A758 /* LoginViewController.swift */ = {isa = PBXFileReference; lastKnownFileType = sourcecode.swift; path = LoginViewController.swift; sourceTree = "<group>"; };
		61165A8227DB31680015A758 /* DashBoardViewController.swift */ = {isa = PBXFileReference; lastKnownFileType = sourcecode.swift; path = DashBoardViewController.swift; sourceTree = "<group>"; };
		61165A8427DB31730015A758 /* RegisterViewController.swift */ = {isa = PBXFileReference; lastKnownFileType = sourcecode.swift; path = RegisterViewController.swift; sourceTree = "<group>"; };
		61165A8A27DB40DC0015A758 /* SimCardView.swift */ = {isa = PBXFileReference; lastKnownFileType = sourcecode.swift; path = SimCardView.swift; sourceTree = "<group>"; };
		61165A8C27DB423B0015A758 /* SimCardView.xib */ = {isa = PBXFileReference; lastKnownFileType = file.xib; path = SimCardView.xib; sourceTree = "<group>"; };
		61165A8F27DB46280015A758 /* CheckBoxView.swift */ = {isa = PBXFileReference; lastKnownFileType = sourcecode.swift; path = CheckBoxView.swift; sourceTree = "<group>"; };
		61165A9127DB46340015A758 /* CheckBoxView.xib */ = {isa = PBXFileReference; lastKnownFileType = file.xib; path = CheckBoxView.xib; sourceTree = "<group>"; };
/* End PBXFileReference section */

/* Begin PBXFrameworksBuildPhase section */
		61165A4327DAF6FC0015A758 /* Frameworks */ = {
			isa = PBXFrameworksBuildPhase;
			buildActionMask = 2147483647;
			files = (
			);
			runOnlyForDeploymentPostprocessing = 0;
		};
		61165A5C27DAF7000015A758 /* Frameworks */ = {
			isa = PBXFrameworksBuildPhase;
			buildActionMask = 2147483647;
			files = (
			);
			runOnlyForDeploymentPostprocessing = 0;
		};
		61165A6627DAF7000015A758 /* Frameworks */ = {
			isa = PBXFrameworksBuildPhase;
			buildActionMask = 2147483647;
			files = (
			);
			runOnlyForDeploymentPostprocessing = 0;
		};
/* End PBXFrameworksBuildPhase section */

/* Begin PBXGroup section */
		61165A3D27DAF6FC0015A758 = {
			isa = PBXGroup;
			children = (
				61165A4827DAF6FC0015A758 /* biotricity */,
				61165A6227DAF7000015A758 /* biotricityTests */,
				61165A6C27DAF7000015A758 /* biotricityUITests */,
				61165A4727DAF6FC0015A758 /* Products */,
			);
			sourceTree = "<group>";
		};
		61165A4727DAF6FC0015A758 /* Products */ = {
			isa = PBXGroup;
			children = (
				61165A4627DAF6FC0015A758 /* biotricity.app */,
				61165A5F27DAF7000015A758 /* biotricityTests.xctest */,
				61165A6927DAF7000015A758 /* biotricityUITests.xctest */,
			);
			name = Products;
			sourceTree = "<group>";
		};
		61165A4827DAF6FC0015A758 /* biotricity */ = {
			isa = PBXGroup;
			children = (
				61165A7C27DB30830015A758 /* UI */,
				61165A4927DAF6FC0015A758 /* AppDelegate.swift */,
				61165A4B27DAF6FC0015A758 /* SceneDelegate.swift */,
				61165A4D27DAF6FC0015A758 /* ViewController.swift */,
				61165A5527DAF7000015A758 /* Assets.xcassets */,
				61165A5727DAF7000015A758 /* LaunchScreen.storyboard */,
				61165A5A27DAF7000015A758 /* Info.plist */,
				61165A5227DAF6FC0015A758 /* biotricity.xcdatamodeld */,
			);
			path = biotricity;
			sourceTree = "<group>";
		};
		61165A6227DAF7000015A758 /* biotricityTests */ = {
			isa = PBXGroup;
			children = (
				61165A6327DAF7000015A758 /* biotricityTests.swift */,
			);
			path = biotricityTests;
			sourceTree = "<group>";
		};
		61165A6C27DAF7000015A758 /* biotricityUITests */ = {
			isa = PBXGroup;
			children = (
				61165A6D27DAF7000015A758 /* biotricityUITests.swift */,
				61165A6F27DAF7000015A758 /* biotricityUITestsLaunchTests.swift */,
			);
			path = biotricityUITests;
			sourceTree = "<group>";
		};
		61165A7C27DB30830015A758 /* UI */ = {
			isa = PBXGroup;
			children = (
				61165A4F27DAF6FC0015A758 /* Main.storyboard */,
				61165A7F27DB30E20015A758 /* customView */,
				61165A7E27DB30D60015A758 /* viewModel */,
				61165A7D27DB30BB0015A758 /* viewController */,
			);
			path = UI;
			sourceTree = "<group>";
		};
		61165A7D27DB30BB0015A758 /* viewController */ = {
			isa = PBXGroup;
			children = (
				61165A8027DB31090015A758 /* LoginViewController.swift */,
				61165A8227DB31680015A758 /* DashBoardViewController.swift */,
				61165A8427DB31730015A758 /* RegisterViewController.swift */,
			);
			path = viewController;
			sourceTree = "<group>";
		};
		61165A7E27DB30D60015A758 /* viewModel */ = {
			isa = PBXGroup;
			children = (
			);
			path = viewModel;
			sourceTree = "<group>";
		};
		61165A7F27DB30E20015A758 /* customView */ = {
			isa = PBXGroup;
			children = (
				61165A8E27DB45FE0015A758 /* checkBox */,
				61165A8A27DB40DC0015A758 /* SimCardView.swift */,
				61165A8C27DB423B0015A758 /* SimCardView.xib */,
			);
			path = customView;
			sourceTree = "<group>";
		};
		61165A8E27DB45FE0015A758 /* checkBox */ = {
			isa = PBXGroup;
			children = (
				61165A8F27DB46280015A758 /* CheckBoxView.swift */,
				61165A9127DB46340015A758 /* CheckBoxView.xib */,
			);
			path = checkBox;
			sourceTree = "<group>";
		};
/* End PBXGroup section */

/* Begin PBXNativeTarget section */
		61165A4527DAF6FC0015A758 /* biotricity */ = {
			isa = PBXNativeTarget;
			buildConfigurationList = 61165A7327DAF7000015A758 /* Build configuration list for PBXNativeTarget "biotricity" */;
			buildPhases = (
				61165A4227DAF6FC0015A758 /* Sources */,
				61165A4327DAF6FC0015A758 /* Frameworks */,
				61165A4427DAF6FC0015A758 /* Resources */,
			);
			buildRules = (
			);
			dependencies = (
			);
			name = biotricity;
			productName = biotricity;
			productReference = 61165A4627DAF6FC0015A758 /* biotricity.app */;
			productType = "com.apple.product-type.application";
		};
		61165A5E27DAF7000015A758 /* biotricityTests */ = {
			isa = PBXNativeTarget;
			buildConfigurationList = 61165A7627DAF7000015A758 /* Build configuration list for PBXNativeTarget "biotricityTests" */;
			buildPhases = (
				61165A5B27DAF7000015A758 /* Sources */,
				61165A5C27DAF7000015A758 /* Frameworks */,
				61165A5D27DAF7000015A758 /* Resources */,
			);
			buildRules = (
			);
			dependencies = (
				61165A6127DAF7000015A758 /* PBXTargetDependency */,
			);
			name = biotricityTests;
			productName = biotricityTests;
			productReference = 61165A5F27DAF7000015A758 /* biotricityTests.xctest */;
			productType = "com.apple.product-type.bundle.unit-test";
		};
		61165A6827DAF7000015A758 /* biotricityUITests */ = {
			isa = PBXNativeTarget;
			buildConfigurationList = 61165A7927DAF7000015A758 /* Build configuration list for PBXNativeTarget "biotricityUITests" */;
			buildPhases = (
				61165A6527DAF7000015A758 /* Sources */,
				61165A6627DAF7000015A758 /* Frameworks */,
				61165A6727DAF7000015A758 /* Resources */,
			);
			buildRules = (
			);
			dependencies = (
				61165A6B27DAF7000015A758 /* PBXTargetDependency */,
			);
			name = biotricityUITests;
			productName = biotricityUITests;
			productReference = 61165A6927DAF7000015A758 /* biotricityUITests.xctest */;
			productType = "com.apple.product-type.bundle.ui-testing";
		};
/* End PBXNativeTarget section */

/* Begin PBXProject section */
		61165A3E27DAF6FC0015A758 /* Project object */ = {
			isa = PBXProject;
			attributes = {
				BuildIndependentTargetsInParallel = 1;
				LastSwiftUpdateCheck = 1320;
				LastUpgradeCheck = 1320;
				TargetAttributes = {
					61165A4527DAF6FC0015A758 = {
						CreatedOnToolsVersion = 13.2.1;
					};
					61165A5E27DAF7000015A758 = {
						CreatedOnToolsVersion = 13.2.1;
						TestTargetID = 61165A4527DAF6FC0015A758;
					};
					61165A6827DAF7000015A758 = {
						CreatedOnToolsVersion = 13.2.1;
						TestTargetID = 61165A4527DAF6FC0015A758;
					};
				};
			};
			buildConfigurationList = 61165A4127DAF6FC0015A758 /* Build configuration list for PBXProject "biotricity" */;
			compatibilityVersion = "Xcode 13.0";
			developmentRegion = en;
			hasScannedForEncodings = 0;
			knownRegions = (
				en,
				Base,
			);
			mainGroup = 61165A3D27DAF6FC0015A758;
			productRefGroup = 61165A4727DAF6FC0015A758 /* Products */;
			projectDirPath = "";
			projectRoot = "";
			targets = (
				61165A4527DAF6FC0015A758 /* biotricity */,
				61165A5E27DAF7000015A758 /* biotricityTests */,
				61165A6827DAF7000015A758 /* biotricityUITests */,
			);
		};
/* End PBXProject section */

/* Begin PBXResourcesBuildPhase section */
		61165A4427DAF6FC0015A758 /* Resources */ = {
			isa = PBXResourcesBuildPhase;
			buildActionMask = 2147483647;
			files = (
				61165A5927DAF7000015A758 /* LaunchScreen.storyboard in Resources */,
				61165A5627DAF7000015A758 /* Assets.xcassets in Resources */,
				61165A8D27DB423B0015A758 /* SimCardView.xib in Resources */,
				61165A9227DB46340015A758 /* CheckBoxView.xib in Resources */,
				61165A5127DAF6FC0015A758 /* Main.storyboard in Resources */,
			);
			runOnlyForDeploymentPostprocessing = 0;
		};
		61165A5D27DAF7000015A758 /* Resources */ = {
			isa = PBXResourcesBuildPhase;
			buildActionMask = 2147483647;
			files = (
			);
			runOnlyForDeploymentPostprocessing = 0;
		};
		61165A6727DAF7000015A758 /* Resources */ = {
			isa = PBXResourcesBuildPhase;
			buildActionMask = 2147483647;
			files = (
			);
			runOnlyForDeploymentPostprocessing = 0;
		};
/* End PBXResourcesBuildPhase section */

/* Begin PBXSourcesBuildPhase section */
		61165A4227DAF6FC0015A758 /* Sources */ = {
			isa = PBXSourcesBuildPhase;
			buildActionMask = 2147483647;
			files = (
				61165A4E27DAF6FC0015A758 /* ViewController.swift in Sources */,
				61165A5427DAF6FC0015A758 /* biotricity.xcdatamodeld in Sources */,
				61165A8B27DB40DC0015A758 /* SimCardView.swift in Sources */,
				61165A8527DB31730015A758 /* RegisterViewController.swift in Sources */,
				61165A9027DB46280015A758 /* CheckBoxView.swift in Sources */,
				61165A4A27DAF6FC0015A758 /* AppDelegate.swift in Sources */,
				61165A8327DB31680015A758 /* DashBoardViewController.swift in Sources */,
				61165A8127DB31090015A758 /* LoginViewController.swift in Sources */,
				61165A4C27DAF6FC0015A758 /* SceneDelegate.swift in Sources */,
			);
			runOnlyForDeploymentPostprocessing = 0;
		};
		61165A5B27DAF7000015A758 /* Sources */ = {
			isa = PBXSourcesBuildPhase;
			buildActionMask = 2147483647;
			files = (
				61165A6427DAF7000015A758 /* biotricityTests.swift in Sources */,
			);
			runOnlyForDeploymentPostprocessing = 0;
		};
		61165A6527DAF7000015A758 /* Sources */ = {
			isa = PBXSourcesBuildPhase;
			buildActionMask = 2147483647;
			files = (
				61165A7027DAF7000015A758 /* biotricityUITestsLaunchTests.swift in Sources */,
				61165A6E27DAF7000015A758 /* biotricityUITests.swift in Sources */,
			);
			runOnlyForDeploymentPostprocessing = 0;
		};
/* End PBXSourcesBuildPhase section */

/* Begin PBXTargetDependency section */
		61165A6127DAF7000015A758 /* PBXTargetDependency */ = {
			isa = PBXTargetDependency;
			target = 61165A4527DAF6FC0015A758 /* biotricity */;
			targetProxy = 61165A6027DAF7000015A758 /* PBXContainerItemProxy */;
		};
		61165A6B27DAF7000015A758 /* PBXTargetDependency */ = {
			isa = PBXTargetDependency;
			target = 61165A4527DAF6FC0015A758 /* biotricity */;
			targetProxy = 61165A6A27DAF7000015A758 /* PBXContainerItemProxy */;
		};
/* End PBXTargetDependency section */

/* Begin PBXVariantGroup section */
		61165A4F27DAF6FC0015A758 /* Main.storyboard */ = {
			isa = PBXVariantGroup;
			children = (
				61165A5027DAF6FC0015A758 /* Base */,
			);
			name = Main.storyboard;
			sourceTree = "<group>";
		};
		61165A5727DAF7000015A758 /* LaunchScreen.storyboard */ = {
			isa = PBXVariantGroup;
			children = (
				61165A5827DAF7000015A758 /* Base */,
			);
			name = LaunchScreen.storyboard;
			sourceTree = "<group>";
		};
/* End PBXVariantGroup section */

/* Begin XCBuildConfiguration section */
		61165A7127DAF7000015A758 /* Debug */ = {
			isa = XCBuildConfiguration;
			buildSettings = {
				ALWAYS_SEARCH_USER_PATHS = NO;
				CLANG_ANALYZER_NONNULL = YES;
				CLANG_ANALYZER_NUMBER_OBJECT_CONVERSION = YES_AGGRESSIVE;
				CLANG_CXX_LANGUAGE_STANDARD = "gnu++17";
				CLANG_CXX_LIBRARY = "libc++";
				CLANG_ENABLE_MODULES = YES;
				CLANG_ENABLE_OBJC_ARC = YES;
				CLANG_ENABLE_OBJC_WEAK = YES;
				CLANG_WARN_BLOCK_CAPTURE_AUTORELEASING = YES;
				CLANG_WARN_BOOL_CONVERSION = YES;
				CLANG_WARN_COMMA = YES;
				CLANG_WARN_CONSTANT_CONVERSION = YES;
				CLANG_WARN_DEPRECATED_OBJC_IMPLEMENTATIONS = YES;
				CLANG_WARN_DIRECT_OBJC_ISA_USAGE = YES_ERROR;
				CLANG_WARN_DOCUMENTATION_COMMENTS = YES;
				CLANG_WARN_EMPTY_BODY = YES;
				CLANG_WARN_ENUM_CONVERSION = YES;
				CLANG_WARN_INFINITE_RECURSION = YES;
				CLANG_WARN_INT_CONVERSION = YES;
				CLANG_WARN_NON_LITERAL_NULL_CONVERSION = YES;
				CLANG_WARN_OBJC_IMPLICIT_RETAIN_SELF = YES;
				CLANG_WARN_OBJC_LITERAL_CONVERSION = YES;
				CLANG_WARN_OBJC_ROOT_CLASS = YES_ERROR;
				CLANG_WARN_QUOTED_INCLUDE_IN_FRAMEWORK_HEADER = YES;
				CLANG_WARN_RANGE_LOOP_ANALYSIS = YES;
				CLANG_WARN_STRICT_PROTOTYPES = YES;
				CLANG_WARN_SUSPICIOUS_MOVE = YES;
				CLANG_WARN_UNGUARDED_AVAILABILITY = YES_AGGRESSIVE;
				CLANG_WARN_UNREACHABLE_CODE = YES;
				CLANG_WARN__DUPLICATE_METHOD_MATCH = YES;
				COPY_PHASE_STRIP = NO;
				DEBUG_INFORMATION_FORMAT = dwarf;
				ENABLE_STRICT_OBJC_MSGSEND = YES;
				ENABLE_TESTABILITY = YES;
				GCC_C_LANGUAGE_STANDARD = gnu11;
				GCC_DYNAMIC_NO_PIC = NO;
				GCC_NO_COMMON_BLOCKS = YES;
				GCC_OPTIMIZATION_LEVEL = 0;
				GCC_PREPROCESSOR_DEFINITIONS = (
					"DEBUG=1",
					"$(inherited)",
				);
				GCC_WARN_64_TO_32_BIT_CONVERSION = YES;
				GCC_WARN_ABOUT_RETURN_TYPE = YES_ERROR;
				GCC_WARN_UNDECLARED_SELECTOR = YES;
				GCC_WARN_UNINITIALIZED_AUTOS = YES_AGGRESSIVE;
				GCC_WARN_UNUSED_FUNCTION = YES;
				GCC_WARN_UNUSED_VARIABLE = YES;
				IPHONEOS_DEPLOYMENT_TARGET = 15.2;
				MTL_ENABLE_DEBUG_INFO = INCLUDE_SOURCE;
				MTL_FAST_MATH = YES;
				ONLY_ACTIVE_ARCH = YES;
				SDKROOT = iphoneos;
				SWIFT_ACTIVE_COMPILATION_CONDITIONS = DEBUG;
				SWIFT_OPTIMIZATION_LEVEL = "-Onone";
			};
			name = Debug;
		};
		61165A7227DAF7000015A758 /* Release */ = {
			isa = XCBuildConfiguration;
			buildSettings = {
				ALWAYS_SEARCH_USER_PATHS = NO;
				CLANG_ANALYZER_NONNULL = YES;
				CLANG_ANALYZER_NUMBER_OBJECT_CONVERSION = YES_AGGRESSIVE;
				CLANG_CXX_LANGUAGE_STANDARD = "gnu++17";
				CLANG_CXX_LIBRARY = "libc++";
				CLANG_ENABLE_MODULES = YES;
				CLANG_ENABLE_OBJC_ARC = YES;
				CLANG_ENABLE_OBJC_WEAK = YES;
				CLANG_WARN_BLOCK_CAPTURE_AUTORELEASING = YES;
				CLANG_WARN_BOOL_CONVERSION = YES;
				CLANG_WARN_COMMA = YES;
				CLANG_WARN_CONSTANT_CONVERSION = YES;
				CLANG_WARN_DEPRECATED_OBJC_IMPLEMENTATIONS = YES;
				CLANG_WARN_DIRECT_OBJC_ISA_USAGE = YES_ERROR;
				CLANG_WARN_DOCUMENTATION_COMMENTS = YES;
				CLANG_WARN_EMPTY_BODY = YES;
				CLANG_WARN_ENUM_CONVERSION = YES;
				CLANG_WARN_INFINITE_RECURSION = YES;
				CLANG_WARN_INT_CONVERSION = YES;
				CLANG_WARN_NON_LITERAL_NULL_CONVERSION = YES;
				CLANG_WARN_OBJC_IMPLICIT_RETAIN_SELF = YES;
				CLANG_WARN_OBJC_LITERAL_CONVERSION = YES;
				CLANG_WARN_OBJC_ROOT_CLASS = YES_ERROR;
				CLANG_WARN_QUOTED_INCLUDE_IN_FRAMEWORK_HEADER = YES;
				CLANG_WARN_RANGE_LOOP_ANALYSIS = YES;
				CLANG_WARN_STRICT_PROTOTYPES = YES;
				CLANG_WARN_SUSPICIOUS_MOVE = YES;
				CLANG_WARN_UNGUARDED_AVAILABILITY = YES_AGGRESSIVE;
				CLANG_WARN_UNREACHABLE_CODE = YES;
				CLANG_WARN__DUPLICATE_METHOD_MATCH = YES;
				COPY_PHASE_STRIP = NO;
				DEBUG_INFORMATION_FORMAT = "dwarf-with-dsym";
				ENABLE_NS_ASSERTIONS = NO;
				ENABLE_STRICT_OBJC_MSGSEND = YES;
				GCC_C_LANGUAGE_STANDARD = gnu11;
				GCC_NO_COMMON_BLOCKS = YES;
				GCC_WARN_64_TO_32_BIT_CONVERSION = YES;
				GCC_WARN_ABOUT_RETURN_TYPE = YES_ERROR;
				GCC_WARN_UNDECLARED_SELECTOR = YES;
				GCC_WARN_UNINITIALIZED_AUTOS = YES_AGGRESSIVE;
				GCC_WARN_UNUSED_FUNCTION = YES;
				GCC_WARN_UNUSED_VARIABLE = YES;
				IPHONEOS_DEPLOYMENT_TARGET = 15.2;
				MTL_ENABLE_DEBUG_INFO = NO;
				MTL_FAST_MATH = YES;
				SDKROOT = iphoneos;
				SWIFT_COMPILATION_MODE = wholemodule;
				SWIFT_OPTIMIZATION_LEVEL = "-O";
				VALIDATE_PRODUCT = YES;
			};
			name = Release;
		};
		61165A7427DAF7000015A758 /* Debug */ = {
			isa = XCBuildConfiguration;
			buildSettings = {
				ASSETCATALOG_COMPILER_APPICON_NAME = AppIcon;
				ASSETCATALOG_COMPILER_GLOBAL_ACCENT_COLOR_NAME = AccentColor;
				CODE_SIGN_STYLE = Automatic;
				CURRENT_PROJECT_VERSION = 1;
				GENERATE_INFOPLIST_FILE = YES;
				INFOPLIST_FILE = biotricity/Info.plist;
				INFOPLIST_KEY_UIApplicationSupportsIndirectInputEvents = YES;
				INFOPLIST_KEY_UILaunchStoryboardName = LaunchScreen;
				INFOPLIST_KEY_UIMainStoryboardFile = Main;
				INFOPLIST_KEY_UISupportedInterfaceOrientations_iPad = "UIInterfaceOrientationPortrait UIInterfaceOrientationPortraitUpsideDown UIInterfaceOrientationLandscapeLeft UIInterfaceOrientationLandscapeRight";
				INFOPLIST_KEY_UISupportedInterfaceOrientations_iPhone = "UIInterfaceOrientationPortrait UIInterfaceOrientationLandscapeLeft UIInterfaceOrientationLandscapeRight";
				LD_RUNPATH_SEARCH_PATHS = (
					"$(inherited)",
					"@executable_path/Frameworks",
				);
				MARKETING_VERSION = 1.0;
				PRODUCT_BUNDLE_IDENTIFIER = com.biotricity;
				PRODUCT_NAME = "$(TARGET_NAME)";
				SWIFT_EMIT_LOC_STRINGS = YES;
				SWIFT_VERSION = 5.0;
				TARGETED_DEVICE_FAMILY = "1,2";
			};
			name = Debug;
		};
		61165A7527DAF7000015A758 /* Release */ = {
			isa = XCBuildConfiguration;
			buildSettings = {
				ASSETCATALOG_COMPILER_APPICON_NAME = AppIcon;
				ASSETCATALOG_COMPILER_GLOBAL_ACCENT_COLOR_NAME = AccentColor;
				CODE_SIGN_STYLE = Automatic;
				CURRENT_PROJECT_VERSION = 1;
				GENERATE_INFOPLIST_FILE = YES;
				INFOPLIST_FILE = biotricity/Info.plist;
				INFOPLIST_KEY_UIApplicationSupportsIndirectInputEvents = YES;
				INFOPLIST_KEY_UILaunchStoryboardName = LaunchScreen;
				INFOPLIST_KEY_UIMainStoryboardFile = Main;
				INFOPLIST_KEY_UISupportedInterfaceOrientations_iPad = "UIInterfaceOrientationPortrait UIInterfaceOrientationPortraitUpsideDown UIInterfaceOrientationLandscapeLeft UIInterfaceOrientationLandscapeRight";
				INFOPLIST_KEY_UISupportedInterfaceOrientations_iPhone = "UIInterfaceOrientationPortrait UIInterfaceOrientationLandscapeLeft UIInterfaceOrientationLandscapeRight";
				LD_RUNPATH_SEARCH_PATHS = (
					"$(inherited)",
					"@executable_path/Frameworks",
				);
				MARKETING_VERSION = 1.0;
				PRODUCT_BUNDLE_IDENTIFIER = com.biotricity;
				PRODUCT_NAME = "$(TARGET_NAME)";
				SWIFT_EMIT_LOC_STRINGS = YES;
				SWIFT_VERSION = 5.0;
				TARGETED_DEVICE_FAMILY = "1,2";
			};
			name = Release;
		};
		61165A7727DAF7000015A758 /* Debug */ = {
			isa = XCBuildConfiguration;
			buildSettings = {
				ALWAYS_EMBED_SWIFT_STANDARD_LIBRARIES = YES;
				BUNDLE_LOADER = "$(TEST_HOST)";
				CODE_SIGN_STYLE = Automatic;
				CURRENT_PROJECT_VERSION = 1;
				GENERATE_INFOPLIST_FILE = YES;
				IPHONEOS_DEPLOYMENT_TARGET = 15.2;
				MARKETING_VERSION = 1.0;
				PRODUCT_BUNDLE_IDENTIFIER = com.biotricityTests;
				PRODUCT_NAME = "$(TARGET_NAME)";
				SWIFT_EMIT_LOC_STRINGS = NO;
				SWIFT_VERSION = 5.0;
				TARGETED_DEVICE_FAMILY = "1,2";
				TEST_HOST = "$(BUILT_PRODUCTS_DIR)/biotricity.app/biotricity";
			};
			name = Debug;
		};
		61165A7827DAF7000015A758 /* Release */ = {
			isa = XCBuildConfiguration;
			buildSettings = {
				ALWAYS_EMBED_SWIFT_STANDARD_LIBRARIES = YES;
				BUNDLE_LOADER = "$(TEST_HOST)";
				CODE_SIGN_STYLE = Automatic;
				CURRENT_PROJECT_VERSION = 1;
				GENERATE_INFOPLIST_FILE = YES;
				IPHONEOS_DEPLOYMENT_TARGET = 15.2;
				MARKETING_VERSION = 1.0;
				PRODUCT_BUNDLE_IDENTIFIER = com.biotricityTests;
				PRODUCT_NAME = "$(TARGET_NAME)";
				SWIFT_EMIT_LOC_STRINGS = NO;
				SWIFT_VERSION = 5.0;
				TARGETED_DEVICE_FAMILY = "1,2";
				TEST_HOST = "$(BUILT_PRODUCTS_DIR)/biotricity.app/biotricity";
			};
			name = Release;
		};
		61165A7A27DAF7000015A758 /* Debug */ = {
			isa = XCBuildConfiguration;
			buildSettings = {
				ALWAYS_EMBED_SWIFT_STANDARD_LIBRARIES = YES;
				CODE_SIGN_STYLE = Automatic;
				CURRENT_PROJECT_VERSION = 1;
				GENERATE_INFOPLIST_FILE = YES;
				MARKETING_VERSION = 1.0;
				PRODUCT_BUNDLE_IDENTIFIER = com.biotricityUITests;
				PRODUCT_NAME = "$(TARGET_NAME)";
				SWIFT_EMIT_LOC_STRINGS = NO;
				SWIFT_VERSION = 5.0;
				TARGETED_DEVICE_FAMILY = "1,2";
				TEST_TARGET_NAME = biotricity;
			};
			name = Debug;
		};
		61165A7B27DAF7000015A758 /* Release */ = {
			isa = XCBuildConfiguration;
			buildSettings = {
				ALWAYS_EMBED_SWIFT_STANDARD_LIBRARIES = YES;
				CODE_SIGN_STYLE = Automatic;
				CURRENT_PROJECT_VERSION = 1;
				GENERATE_INFOPLIST_FILE = YES;
				MARKETING_VERSION = 1.0;
				PRODUCT_BUNDLE_IDENTIFIER = com.biotricityUITests;
				PRODUCT_NAME = "$(TARGET_NAME)";
				SWIFT_EMIT_LOC_STRINGS = NO;
				SWIFT_VERSION = 5.0;
				TARGETED_DEVICE_FAMILY = "1,2";
				TEST_TARGET_NAME = biotricity;
			};
			name = Release;
		};
/* End XCBuildConfiguration section */

/* Begin XCConfigurationList section */
		61165A4127DAF6FC0015A758 /* Build configuration list for PBXProject "biotricity" */ = {
			isa = XCConfigurationList;
			buildConfigurations = (
				61165A7127DAF7000015A758 /* Debug */,
				61165A7227DAF7000015A758 /* Release */,
			);
			defaultConfigurationIsVisible = 0;
			defaultConfigurationName = Release;
		};
		61165A7327DAF7000015A758 /* Build configuration list for PBXNativeTarget "biotricity" */ = {
			isa = XCConfigurationList;
			buildConfigurations = (
				61165A7427DAF7000015A758 /* Debug */,
				61165A7527DAF7000015A758 /* Release */,
			);
			defaultConfigurationIsVisible = 0;
			defaultConfigurationName = Release;
		};
		61165A7627DAF7000015A758 /* Build configuration list for PBXNativeTarget "biotricityTests" */ = {
			isa = XCConfigurationList;
			buildConfigurations = (
				61165A7727DAF7000015A758 /* Debug */,
				61165A7827DAF7000015A758 /* Release */,
			);
			defaultConfigurationIsVisible = 0;
			defaultConfigurationName = Release;
		};
		61165A7927DAF7000015A758 /* Build configuration list for PBXNativeTarget "biotricityUITests" */ = {
			isa = XCConfigurationList;
			buildConfigurations = (
				61165A7A27DAF7000015A758 /* Debug */,
				61165A7B27DAF7000015A758 /* Release */,
			);
			defaultConfigurationIsVisible = 0;
			defaultConfigurationName = Release;
		};
/* End XCConfigurationList section */

/* Begin XCVersionGroup section */
		61165A5227DAF6FC0015A758 /* biotricity.xcdatamodeld */ = {
			isa = XCVersionGroup;
			children = (
				61165A5327DAF6FC0015A758 /* biotricity.xcdatamodel */,
			);
			currentVersion = 61165A5327DAF6FC0015A758 /* biotricity.xcdatamodel */;
			path = biotricity.xcdatamodeld;
			sourceTree = "<group>";
			versionGroupType = wrapper.xcdatamodel;
		};
/* End XCVersionGroup section */
	};
	rootObject = 61165A3E27DAF6FC0015A758 /* Project object */;
}
